
Microsoft Visual Studio Solution File, Format Version 12.00
# Visual Studio Version 17
VisualStudioVersion = 17.10.34916.146
MinimumVisualStudioVersion = 10.0.40219.1
Project("{FAE04EC0-301F-11D3-BF4B-00C04F79EFBC}") = "Project-Manager", "Project-Manager.csproj", "{98CCD28E-4701-4BE3-86BE-D6A0FE0AB179}"
EndProject
Global
	GlobalSection(SolutionConfigurationPlatforms) = preSolution
		Debug|Any CPU = Debug|Any CPU
		Release|Any CPU = Release|Any CPU
	EndGlobalSection
	GlobalSection(ProjectConfigurationPlatforms) = postSolution
		{98CCD28E-4701-4BE3-86BE-D6A0FE0AB179}.Debug|Any CPU.ActiveCfg = Debug|Any CPU
		{98CCD28E-4701-4BE3-86BE-D6A0FE0AB179}.Debug|Any CPU.Build.0 = Debug|Any CPU
		{98CCD28E-4701-4BE3-86BE-D6A0FE0AB179}.Release|Any CPU.ActiveCfg = Release|Any CPU
		{98CCD28E-4701-4BE3-86BE-D6A0FE0AB179}.Release|Any CPU.Build.0 = Release|Any CPU
	EndGlobalSection
	GlobalSection(SolutionProperties) = preSolution
		HideSolutionNode = FALSE
	EndGlobalSection
	GlobalSection(ExtensibilityGlobals) = postSolution
		SolutionGuid = {BB8EDD08-0AAA-4F10-B7DF-2CD8598E10A0}
	EndGlobalSection
EndGlobal
